
Microsoft Visual Studio Solution File, Format Version 12.00
# Visual Studio Version 16
VisualStudioVersion = 16.0.28809.33
MinimumVisualStudioVersion = 10.0.40219.1
Project("{9A19103F-16F7-4668-BE54-9A1E7A4F7556}") = "DMIExtract", "DMIExtract.csproj", "{F83ED8F6-4C8C-44C4-896C-B09AA3302733}"
EndProject
Project("{9A19103F-16F7-4668-BE54-9A1E7A4F7556}") = "DMISharp", "Submodules\DMISharp\DMISharp.csproj", "{A534D169-1C4A-47F2-876B-91E2A1831B04}"
EndProject
Global
	GlobalSection(SolutionConfigurationPlatforms) = preSolution
		Debug|Any CPU = Debug|Any CPU
		Release|Any CPU = Release|Any CPU
		WinX64|Any CPU = WinX64|Any CPU
	EndGlobalSection
	GlobalSection(ProjectConfigurationPlatforms) = postSolution
		{F83ED8F6-4C8C-44C4-896C-B09AA3302733}.Debug|Any CPU.ActiveCfg = Debug|Any CPU
		{F83ED8F6-4C8C-44C4-896C-B09AA3302733}.Debug|Any CPU.Build.0 = Debug|Any CPU
		{F83ED8F6-4C8C-44C4-896C-B09AA3302733}.Release|Any CPU.ActiveCfg = Release|Any CPU
		{F83ED8F6-4C8C-44C4-896C-B09AA3302733}.Release|Any CPU.Build.0 = Release|Any CPU
		{F83ED8F6-4C8C-44C4-896C-B09AA3302733}.WinX64|Any CPU.ActiveCfg = WinX64|Any CPU
		{F83ED8F6-4C8C-44C4-896C-B09AA3302733}.WinX64|Any CPU.Build.0 = WinX64|Any CPU
		{A534D169-1C4A-47F2-876B-91E2A1831B04}.Debug|Any CPU.ActiveCfg = Debug|Any CPU
		{A534D169-1C4A-47F2-876B-91E2A1831B04}.Debug|Any CPU.Build.0 = Debug|Any CPU
		{A534D169-1C4A-47F2-876B-91E2A1831B04}.Release|Any CPU.ActiveCfg = Release|Any CPU
		{A534D169-1C4A-47F2-876B-91E2A1831B04}.Release|Any CPU.Build.0 = Release|Any CPU
		{A534D169-1C4A-47F2-876B-91E2A1831B04}.WinX64|Any CPU.ActiveCfg = Release|Any CPU
		{A534D169-1C4A-47F2-876B-91E2A1831B04}.WinX64|Any CPU.Build.0 = Release|Any CPU
	EndGlobalSection
	GlobalSection(SolutionProperties) = preSolution
		HideSolutionNode = FALSE
	EndGlobalSection
	GlobalSection(ExtensibilityGlobals) = postSolution
		SolutionGuid = {AA2FD223-DB02-4118-B1E0-B9A3754C72B7}
	EndGlobalSection
EndGlobal
